
Microsoft Visual Studio Solution File, Format Version 12.00
# Visual Studio Version 16
VisualStudioVersion = 16.0.31129.286
MinimumVisualStudioVersion = 10.0.40219.1
Project("{FAE04EC0-301F-11D3-BF4B-00C04F79EFBC}") = "KeedoApp", "KeedoApp\KeedoApp.csproj", "{28B50901-9747-4CD4-B925-654CBC6AC653}"
EndProject
Global
	GlobalSection(SolutionConfigurationPlatforms) = preSolution
		Debug|Any CPU = Debug|Any CPU
		Release|Any CPU = Release|Any CPU
	EndGlobalSection
	GlobalSection(ProjectConfigurationPlatforms) = postSolution
		{28B50901-9747-4CD4-B925-654CBC6AC653}.Debug|Any CPU.ActiveCfg = Debug|Any CPU
		{28B50901-9747-4CD4-B925-654CBC6AC653}.Debug|Any CPU.Build.0 = Debug|Any CPU
		{28B50901-9747-4CD4-B925-654CBC6AC653}.Release|Any CPU.ActiveCfg = Release|Any CPU
		{28B50901-9747-4CD4-B925-654CBC6AC653}.Release|Any CPU.Build.0 = Release|Any CPU
	EndGlobalSection
	GlobalSection(SolutionProperties) = preSolution
		HideSolutionNode = FALSE
	EndGlobalSection
	GlobalSection(ExtensibilityGlobals) = postSolution
		SolutionGuid = {8DDF7211-4E79-4A77-8683-36B37AE95BD8}
	EndGlobalSection
EndGlobal
